
Microsoft Visual Studio Solution File, Format Version 12.00
# Visual Studio Version 16
VisualStudioVersion = 16.0.31105.61
MinimumVisualStudioVersion = 10.0.40219.1
Project("{9A19103F-16F7-4668-BE54-9A1E7A4F7556}") = "AspDotNetCore", "AspDotNetCore\AspDotNetCore.csproj", "{516B3509-8BAD-4344-96C4-4D646FA08EFA}"
EndProject
Project("{9A19103F-16F7-4668-BE54-9A1E7A4F7556}") = "CommonCSharpUtils", "CommonCSharpUtils\CommonCSharpUtils.csproj", "{02927078-E2CF-4B3B-ADA7-48924EA29FB1}"
EndProject
Project("{9092AA53-FB77-4645-B42D-1CCCA6BD08BD}") = "Angular", "Angular\Angular.njsproj", "{7227225B-ACEF-4695-A25D-2D63B6240DB5}"
EndProject
Project("{9A19103F-16F7-4668-BE54-9A1E7A4F7556}") = "ConsoleAppReadingAppSettingsJSON", "ConsoleAppReadingAppSettingsJSON\ConsoleAppReadingAppSettingsJSON.csproj", "{00769B0E-8BCC-44F5-8BC0-9C627914A29E}"
EndProject
Project("{FAE04EC0-301F-11D3-BF4B-00C04F79EFBC}") = "MVC", "MVC\MVC.csproj", "{3105E63D-C689-4C77-9EBB-20E49B4AC599}"
EndProject
Project("{FAE04EC0-301F-11D3-BF4B-00C04F79EFBC}") = "CShaprtOOPConcepts", "CShaprtOOPConcepts\CShaprtOOPConcepts.csproj", "{4A4B7B6F-9082-41CA-90A8-FE2DD43EED8E}"
EndProject
Project("{FAE04EC0-301F-11D3-BF4B-00C04F79EFBC}") = "AspDotNetFramework", "AspDotNetFramework\AspDotNetFramework.csproj", "{BD726895-E090-46B3-AE5B-96E74A554F69}"
EndProject
Global
	GlobalSection(SolutionConfigurationPlatforms) = preSolution
		Debug|Any CPU = Debug|Any CPU
		Release|Any CPU = Release|Any CPU
	EndGlobalSection
	GlobalSection(ProjectConfigurationPlatforms) = postSolution
		{516B3509-8BAD-4344-96C4-4D646FA08EFA}.Debug|Any CPU.ActiveCfg = Debug|Any CPU
		{516B3509-8BAD-4344-96C4-4D646FA08EFA}.Debug|Any CPU.Build.0 = Debug|Any CPU
		{516B3509-8BAD-4344-96C4-4D646FA08EFA}.Release|Any CPU.ActiveCfg = Release|Any CPU
		{516B3509-8BAD-4344-96C4-4D646FA08EFA}.Release|Any CPU.Build.0 = Release|Any CPU
		{02927078-E2CF-4B3B-ADA7-48924EA29FB1}.Debug|Any CPU.ActiveCfg = Debug|Any CPU
		{02927078-E2CF-4B3B-ADA7-48924EA29FB1}.Debug|Any CPU.Build.0 = Debug|Any CPU
		{02927078-E2CF-4B3B-ADA7-48924EA29FB1}.Release|Any CPU.ActiveCfg = Release|Any CPU
		{02927078-E2CF-4B3B-ADA7-48924EA29FB1}.Release|Any CPU.Build.0 = Release|Any CPU
		{7227225B-ACEF-4695-A25D-2D63B6240DB5}.Debug|Any CPU.ActiveCfg = Debug|Any CPU
		{7227225B-ACEF-4695-A25D-2D63B6240DB5}.Debug|Any CPU.Build.0 = Debug|Any CPU
		{7227225B-ACEF-4695-A25D-2D63B6240DB5}.Release|Any CPU.ActiveCfg = Release|Any CPU
		{7227225B-ACEF-4695-A25D-2D63B6240DB5}.Release|Any CPU.Build.0 = Release|Any CPU
		{00769B0E-8BCC-44F5-8BC0-9C627914A29E}.Debug|Any CPU.ActiveCfg = Debug|Any CPU
		{00769B0E-8BCC-44F5-8BC0-9C627914A29E}.Debug|Any CPU.Build.0 = Debug|Any CPU
		{00769B0E-8BCC-44F5-8BC0-9C627914A29E}.Release|Any CPU.ActiveCfg = Release|Any CPU
		{00769B0E-8BCC-44F5-8BC0-9C627914A29E}.Release|Any CPU.Build.0 = Release|Any CPU
		{3105E63D-C689-4C77-9EBB-20E49B4AC599}.Debug|Any CPU.ActiveCfg = Debug|Any CPU
		{3105E63D-C689-4C77-9EBB-20E49B4AC599}.Debug|Any CPU.Build.0 = Debug|Any CPU
		{3105E63D-C689-4C77-9EBB-20E49B4AC599}.Release|Any CPU.ActiveCfg = Release|Any CPU
		{3105E63D-C689-4C77-9EBB-20E49B4AC599}.Release|Any CPU.Build.0 = Release|Any CPU
		{4A4B7B6F-9082-41CA-90A8-FE2DD43EED8E}.Debug|Any CPU.ActiveCfg = Debug|Any CPU
		{4A4B7B6F-9082-41CA-90A8-FE2DD43EED8E}.Debug|Any CPU.Build.0 = Debug|Any CPU
		{4A4B7B6F-9082-41CA-90A8-FE2DD43EED8E}.Release|Any CPU.ActiveCfg = Release|Any CPU
		{4A4B7B6F-9082-41CA-90A8-FE2DD43EED8E}.Release|Any CPU.Build.0 = Release|Any CPU
		{BD726895-E090-46B3-AE5B-96E74A554F69}.Debug|Any CPU.ActiveCfg = Debug|Any CPU
		{BD726895-E090-46B3-AE5B-96E74A554F69}.Debug|Any CPU.Build.0 = Debug|Any CPU
		{BD726895-E090-46B3-AE5B-96E74A554F69}.Release|Any CPU.ActiveCfg = Release|Any CPU
		{BD726895-E090-46B3-AE5B-96E74A554F69}.Release|Any CPU.Build.0 = Release|Any CPU
	EndGlobalSection
	GlobalSection(SolutionProperties) = preSolution
		HideSolutionNode = FALSE
	EndGlobalSection
	GlobalSection(ExtensibilityGlobals) = postSolution
		SolutionGuid = {E15F9D0E-6141-47D2-B1D7-58B8B3CABB29}
	EndGlobalSection
EndGlobal
